{
  "pins" : [
    {
      "identity" : "efcountinglabel",
      "kind" : "remoteSourceControl",
      "location" : "https://github.com/EFPrefix/EFCountingLabel.git",
      "state" : {
        "branch" : "master",
        "revision" : "f6a47114c5024c2d1faa5b614ee6e1cb971cb35b"
      }
    },
    {
      "identity" : "tinyconstraints",
      "kind" : "remoteSourceControl",
      "location" : "https://github.com/roberthein/TinyConstraints.git",
      "state" : {
        "branch" : "master",
        "revision" : "a89996a77d364eb85abdd09d42d2274e35ba56dc"
      }
    }
  ],
  "version" : 2
}
