{
  "pins" : [
    {
      "identity" : "efcountinglabel",
      "kind" : "remoteSourceControl",
      "location" : "https://github.com/EFPrefix/EFCountingLabel.git",
      "state" : {
        "branch" : "master",
        "revision" : "f6a47114c5024c2d1faa5b614ee6e1cb971cb35b"
      }
    },
    {
      "identity" : "mkringprogressview",
      "kind" : "remoteSourceControl",
      "location" : "https://github.com/maxkonovalov/MKRingProgressView.git",
      "state" : {
        "revision" : "660888aab1d2ab0ed7eb9eb53caec12af4955fa7",
        "version" : "2.3.0"
      }
    },
    {
      "identity" : "swipecellkit",
      "kind" : "remoteSourceControl",
      "location" : "https://github.com/SwipeCellKit/SwipeCellKit",
      "state" : {
        "branch" : "master",
        "revision" : "7219cad3098637176ace311510d11467dbfb9bb0"
      }
    },
    {
      "identity" : "tinyconstraints",
      "kind" : "remoteSourceControl",
      "location" : "https://github.com/roberthein/TinyConstraints.git",
      "state" : {
        "branch" : "master",
        "revision" : "a89996a77d364eb85abdd09d42d2274e35ba56dc"
      }
    }
  ],
  "version" : 2
}
