// !$*UTF8*$!
{
	archiveVersion = 1;
	classes = {
	};
	objectVersion = 56;
	objects = {

/* Begin PBXBuildFile section */
		E604881929896A3700B25167 /* ChartViewController.swift in Sources */ = {isa = PBXBuildFile; fileRef = E604881829896A3700B25167 /* ChartViewController.swift */; };
		E604881B298B42F800B25167 /* DataBaseManager.swift in Sources */ = {isa = PBXBuildFile; fileRef = E604881A298B42F800B25167 /* DataBaseManager.swift */; };
		E611E986296C0BFA00592296 /* MetabolismCalculator.swift in Sources */ = {isa = PBXBuildFile; fileRef = E611E985296C0BFA00592296 /* MetabolismCalculator.swift */; };
		E611E989296C1F3E00592296 /* SwipeCellKit in Frameworks */ = {isa = PBXBuildFile; productRef = E611E988296C1F3E00592296 /* SwipeCellKit */; };
		E611E990296ED16300592296 /* ConsumedDrinkCell.swift in Sources */ = {isa = PBXBuildFile; fileRef = E611E98E296ED16300592296 /* ConsumedDrinkCell.swift */; };
		E611E991296ED16300592296 /* ConsumedDrinkCell.xib in Resources */ = {isa = PBXBuildFile; fileRef = E611E98F296ED16300592296 /* ConsumedDrinkCell.xib */; };
		E679DCAA2966C662005CBB6C /* TinyConstraints in Frameworks */ = {isa = PBXBuildFile; productRef = E679DCA92966C662005CBB6C /* TinyConstraints */; };
		E679DCAD2966E794005CBB6C /* EFCountingLabel in Frameworks */ = {isa = PBXBuildFile; productRef = E679DCAC2966E794005CBB6C /* EFCountingLabel */; };
		E679DCB329688B3D005CBB6C /* MKRingProgressView in Frameworks */ = {isa = PBXBuildFile; productRef = E679DCB229688B3D005CBB6C /* MKRingProgressView */; };
		E6907DC4299AABDD00AE005B /* SettingsViewController.swift in Sources */ = {isa = PBXBuildFile; fileRef = E6907DC3299AABDD00AE005B /* SettingsViewController.swift */; };
		E6907DC7299AB11D00AE005B /* SettingsCell.swift in Sources */ = {isa = PBXBuildFile; fileRef = E6907DC5299AB11D00AE005B /* SettingsCell.swift */; };
		E6907DC8299AB11D00AE005B /* SettingsCell.xib in Resources */ = {isa = PBXBuildFile; fileRef = E6907DC6299AB11D00AE005B /* SettingsCell.xib */; };
		E6907DCB299AE12800AE005B /* RegularSettingsCell.swift in Sources */ = {isa = PBXBuildFile; fileRef = E6907DC9299AE12800AE005B /* RegularSettingsCell.swift */; };
		E6907DCC299AE12800AE005B /* RegularSettingsCell.xib in Resources */ = {isa = PBXBuildFile; fileRef = E6907DCA299AE12800AE005B /* RegularSettingsCell.xib */; };
		E6996C5B295E0A5E00E35FC1 /* AppDelegate.swift in Sources */ = {isa = PBXBuildFile; fileRef = E6996C5A295E0A5E00E35FC1 /* AppDelegate.swift */; };
		E6996C5D295E0A5E00E35FC1 /* SceneDelegate.swift in Sources */ = {isa = PBXBuildFile; fileRef = E6996C5C295E0A5E00E35FC1 /* SceneDelegate.swift */; };
		E6996C5F295E0A5E00E35FC1 /* DashboardViewController.swift in Sources */ = {isa = PBXBuildFile; fileRef = E6996C5E295E0A5E00E35FC1 /* DashboardViewController.swift */; };
		E6996C62295E0A5E00E35FC1 /* Main.storyboard in Resources */ = {isa = PBXBuildFile; fileRef = E6996C60295E0A5E00E35FC1 /* Main.storyboard */; };
		E6996C65295E0A5E00E35FC1 /* Caffeine_Tracker.xcdatamodeld in Sources */ = {isa = PBXBuildFile; fileRef = E6996C63295E0A5E00E35FC1 /* Caffeine_Tracker.xcdatamodeld */; };
		E6996C67295E0A6100E35FC1 /* Assets.xcassets in Resources */ = {isa = PBXBuildFile; fileRef = E6996C66295E0A6100E35FC1 /* Assets.xcassets */; };
		E6996C6A295E0A6100E35FC1 /* LaunchScreen.storyboard in Resources */ = {isa = PBXBuildFile; fileRef = E6996C68295E0A6100E35FC1 /* LaunchScreen.storyboard */; };
		E6996C75295E0B3E00E35FC1 /* K.swift in Sources */ = {isa = PBXBuildFile; fileRef = E6996C74295E0B3E00E35FC1 /* K.swift */; };
		E6996C77295E0BA700E35FC1 /* AddViewController.swift in Sources */ = {isa = PBXBuildFile; fileRef = E6996C76295E0BA700E35FC1 /* AddViewController.swift */; };
		E6996C79295E0BE600E35FC1 /* CaffeineViewController.swift in Sources */ = {isa = PBXBuildFile; fileRef = E6996C78295E0BE600E35FC1 /* CaffeineViewController.swift */; };
		E69E027D2962E05000F4C142 /* DrinkNameCell.swift in Sources */ = {isa = PBXBuildFile; fileRef = E69E027B2962E05000F4C142 /* DrinkNameCell.swift */; };
		E69E027E2962E05000F4C142 /* DrinkNameCell.xib in Resources */ = {isa = PBXBuildFile; fileRef = E69E027C2962E05000F4C142 /* DrinkNameCell.xib */; };
		E69E02812963058900F4C142 /* IconCell.swift in Sources */ = {isa = PBXBuildFile; fileRef = E69E027F2963058900F4C142 /* IconCell.swift */; };
		E69E02822963058900F4C142 /* IconCell.xib in Resources */ = {isa = PBXBuildFile; fileRef = E69E02802963058900F4C142 /* IconCell.xib */; };
		E69E0285296309CA00F4C142 /* NumberCell.swift in Sources */ = {isa = PBXBuildFile; fileRef = E69E0283296309CA00F4C142 /* NumberCell.swift */; };
		E69E0286296309CA00F4C142 /* NumberCell.xib in Resources */ = {isa = PBXBuildFile; fileRef = E69E0284296309CA00F4C142 /* NumberCell.xib */; };
		E69FA856296575C90025EEBA /* DrinkViewController.swift in Sources */ = {isa = PBXBuildFile; fileRef = E69FA855296575C90025EEBA /* DrinkViewController.swift */; };
		E69FA8582965B2D40025EEBA /* AdjustViewController.swift in Sources */ = {isa = PBXBuildFile; fileRef = E69FA8572965B2D40025EEBA /* AdjustViewController.swift */; };
		E6B08A4F29A9061D00A95032 /* SwiftPieChart in Frameworks */ = {isa = PBXBuildFile; productRef = E6B08A4E29A9061D00A95032 /* SwiftPieChart */; };
		E6B08A5129A92D1200A95032 /* EditViewController.swift in Sources */ = {isa = PBXBuildFile; fileRef = E6B08A5029A92D1200A95032 /* EditViewController.swift */; };
		E6B7DA87295F5185008F8CD1 /* CaffeineCell.swift in Sources */ = {isa = PBXBuildFile; fileRef = E6B7DA85295F5185008F8CD1 /* CaffeineCell.swift */; };
		E6B7DA88295F5185008F8CD1 /* CaffeineCell.xib in Resources */ = {isa = PBXBuildFile; fileRef = E6B7DA86295F5185008F8CD1 /* CaffeineCell.xib */; };
		E6BA790029ACFE8C004FB910 /* DrinkPopoverViewController.swift in Sources */ = {isa = PBXBuildFile; fileRef = E6BA78FF29ACFE8C004FB910 /* DrinkPopoverViewController.swift */; };
		E6BA790329AD2780004FB910 /* DateCell.swift in Sources */ = {isa = PBXBuildFile; fileRef = E6BA790129AD2780004FB910 /* DateCell.swift */; };
		E6BA790429AD2780004FB910 /* DateCell.xib in Resources */ = {isa = PBXBuildFile; fileRef = E6BA790229AD2780004FB910 /* DateCell.xib */; };
		E6BB92CC29B7B7C9005D07F6 /* caffeine.json in Resources */ = {isa = PBXBuildFile; fileRef = E6BB92CB29B7B7C9005D07F6 /* caffeine.json */; };
		E6BB92CE29B7B871005D07F6 /* Drink.swift in Sources */ = {isa = PBXBuildFile; fileRef = E6BB92CD29B7B871005D07F6 /* Drink.swift */; };
/* End PBXBuildFile section */

/* Begin PBXFileReference section */
		E604881829896A3700B25167 /* ChartViewController.swift */ = {isa = PBXFileReference; lastKnownFileType = sourcecode.swift; path = ChartViewController.swift; sourceTree = "<group>"; };
		E604881A298B42F800B25167 /* DataBaseManager.swift */ = {isa = PBXFileReference; lastKnownFileType = sourcecode.swift; path = DataBaseManager.swift; sourceTree = "<group>"; };
		E611E985296C0BFA00592296 /* MetabolismCalculator.swift */ = {isa = PBXFileReference; lastKnownFileType = sourcecode.swift; path = MetabolismCalculator.swift; sourceTree = "<group>"; };
		E611E98E296ED16300592296 /* ConsumedDrinkCell.swift */ = {isa = PBXFileReference; lastKnownFileType = sourcecode.swift; path = ConsumedDrinkCell.swift; sourceTree = "<group>"; };
		E611E98F296ED16300592296 /* ConsumedDrinkCell.xib */ = {isa = PBXFileReference; lastKnownFileType = file.xib; path = ConsumedDrinkCell.xib; sourceTree = "<group>"; };
		E6907DC3299AABDD00AE005B /* SettingsViewController.swift */ = {isa = PBXFileReference; lastKnownFileType = sourcecode.swift; path = SettingsViewController.swift; sourceTree = "<group>"; };
		E6907DC5299AB11D00AE005B /* SettingsCell.swift */ = {isa = PBXFileReference; lastKnownFileType = sourcecode.swift; path = SettingsCell.swift; sourceTree = "<group>"; };
		E6907DC6299AB11D00AE005B /* SettingsCell.xib */ = {isa = PBXFileReference; lastKnownFileType = file.xib; path = SettingsCell.xib; sourceTree = "<group>"; };
		E6907DC9299AE12800AE005B /* RegularSettingsCell.swift */ = {isa = PBXFileReference; lastKnownFileType = sourcecode.swift; path = RegularSettingsCell.swift; sourceTree = "<group>"; };
		E6907DCA299AE12800AE005B /* RegularSettingsCell.xib */ = {isa = PBXFileReference; lastKnownFileType = file.xib; path = RegularSettingsCell.xib; sourceTree = "<group>"; };
		E6996C57295E0A5E00E35FC1 /* Caffeine Tracker.app */ = {isa = PBXFileReference; explicitFileType = wrapper.application; includeInIndex = 0; path = "Caffeine Tracker.app"; sourceTree = BUILT_PRODUCTS_DIR; };
		E6996C5A295E0A5E00E35FC1 /* AppDelegate.swift */ = {isa = PBXFileReference; lastKnownFileType = sourcecode.swift; path = AppDelegate.swift; sourceTree = "<group>"; };
		E6996C5C295E0A5E00E35FC1 /* SceneDelegate.swift */ = {isa = PBXFileReference; lastKnownFileType = sourcecode.swift; path = SceneDelegate.swift; sourceTree = "<group>"; };
		E6996C5E295E0A5E00E35FC1 /* DashboardViewController.swift */ = {isa = PBXFileReference; lastKnownFileType = sourcecode.swift; path = DashboardViewController.swift; sourceTree = "<group>"; };
		E6996C61295E0A5E00E35FC1 /* Base */ = {isa = PBXFileReference; lastKnownFileType = file.storyboard; name = Base; path = Base.lproj/Main.storyboard; sourceTree = "<group>"; };
		E6996C64295E0A5E00E35FC1 /* Caffeine_Tracker.xcdatamodel */ = {isa = PBXFileReference; lastKnownFileType = wrapper.xcdatamodel; path = Caffeine_Tracker.xcdatamodel; sourceTree = "<group>"; };
		E6996C66295E0A6100E35FC1 /* Assets.xcassets */ = {isa = PBXFileReference; lastKnownFileType = folder.assetcatalog; path = Assets.xcassets; sourceTree = "<group>"; };
		E6996C69295E0A6100E35FC1 /* Base */ = {isa = PBXFileReference; lastKnownFileType = file.storyboard; name = Base; path = Base.lproj/LaunchScreen.storyboard; sourceTree = "<group>"; };
		E6996C6B295E0A6100E35FC1 /* Info.plist */ = {isa = PBXFileReference; lastKnownFileType = text.plist.xml; path = Info.plist; sourceTree = "<group>"; };
		E6996C74295E0B3E00E35FC1 /* K.swift */ = {isa = PBXFileReference; lastKnownFileType = sourcecode.swift; path = K.swift; sourceTree = "<group>"; };
		E6996C76295E0BA700E35FC1 /* AddViewController.swift */ = {isa = PBXFileReference; lastKnownFileType = sourcecode.swift; path = AddViewController.swift; sourceTree = "<group>"; };
		E6996C78295E0BE600E35FC1 /* CaffeineViewController.swift */ = {isa = PBXFileReference; lastKnownFileType = sourcecode.swift; path = CaffeineViewController.swift; sourceTree = "<group>"; };
		E69E027B2962E05000F4C142 /* DrinkNameCell.swift */ = {isa = PBXFileReference; lastKnownFileType = sourcecode.swift; path = DrinkNameCell.swift; sourceTree = "<group>"; };
		E69E027C2962E05000F4C142 /* DrinkNameCell.xib */ = {isa = PBXFileReference; lastKnownFileType = file.xib; path = DrinkNameCell.xib; sourceTree = "<group>"; };
		E69E027F2963058900F4C142 /* IconCell.swift */ = {isa = PBXFileReference; lastKnownFileType = sourcecode.swift; path = IconCell.swift; sourceTree = "<group>"; };
		E69E02802963058900F4C142 /* IconCell.xib */ = {isa = PBXFileReference; lastKnownFileType = file.xib; path = IconCell.xib; sourceTree = "<group>"; };
		E69E0283296309CA00F4C142 /* NumberCell.swift */ = {isa = PBXFileReference; lastKnownFileType = sourcecode.swift; path = NumberCell.swift; sourceTree = "<group>"; };
		E69E0284296309CA00F4C142 /* NumberCell.xib */ = {isa = PBXFileReference; lastKnownFileType = file.xib; path = NumberCell.xib; sourceTree = "<group>"; };
		E69FA855296575C90025EEBA /* DrinkViewController.swift */ = {isa = PBXFileReference; lastKnownFileType = sourcecode.swift; path = DrinkViewController.swift; sourceTree = "<group>"; };
		E69FA8572965B2D40025EEBA /* AdjustViewController.swift */ = {isa = PBXFileReference; lastKnownFileType = sourcecode.swift; path = AdjustViewController.swift; sourceTree = "<group>"; };
		E6B08A5029A92D1200A95032 /* EditViewController.swift */ = {isa = PBXFileReference; lastKnownFileType = sourcecode.swift; path = EditViewController.swift; sourceTree = "<group>"; };
		E6B7DA85295F5185008F8CD1 /* CaffeineCell.swift */ = {isa = PBXFileReference; lastKnownFileType = sourcecode.swift; path = CaffeineCell.swift; sourceTree = "<group>"; };
		E6B7DA86295F5185008F8CD1 /* CaffeineCell.xib */ = {isa = PBXFileReference; lastKnownFileType = file.xib; path = CaffeineCell.xib; sourceTree = "<group>"; };
		E6BA78FF29ACFE8C004FB910 /* DrinkPopoverViewController.swift */ = {isa = PBXFileReference; lastKnownFileType = sourcecode.swift; path = DrinkPopoverViewController.swift; sourceTree = "<group>"; };
		E6BA790129AD2780004FB910 /* DateCell.swift */ = {isa = PBXFileReference; lastKnownFileType = sourcecode.swift; path = DateCell.swift; sourceTree = "<group>"; };
		E6BA790229AD2780004FB910 /* DateCell.xib */ = {isa = PBXFileReference; lastKnownFileType = file.xib; path = DateCell.xib; sourceTree = "<group>"; };
		E6BB92CB29B7B7C9005D07F6 /* caffeine.json */ = {isa = PBXFileReference; fileEncoding = 4; lastKnownFileType = text.json; name = caffeine.json; path = ../../../../../../Downloads/caffeine.json; sourceTree = "<group>"; };
		E6BB92CD29B7B871005D07F6 /* Drink.swift */ = {isa = PBXFileReference; lastKnownFileType = sourcecode.swift; path = Drink.swift; sourceTree = "<group>"; };
/* End PBXFileReference section */

/* Begin PBXFrameworksBuildPhase section */
		E6996C54295E0A5E00E35FC1 /* Frameworks */ = {
			isa = PBXFrameworksBuildPhase;
			buildActionMask = 2147483647;
			files = (
				E6B08A4F29A9061D00A95032 /* SwiftPieChart in Frameworks */,
				E611E989296C1F3E00592296 /* SwipeCellKit in Frameworks */,
				E679DCAA2966C662005CBB6C /* TinyConstraints in Frameworks */,
				E679DCB329688B3D005CBB6C /* MKRingProgressView in Frameworks */,
				E679DCAD2966E794005CBB6C /* EFCountingLabel in Frameworks */,
			);
			runOnlyForDeploymentPostprocessing = 0;
		};
/* End PBXFrameworksBuildPhase section */

/* Begin PBXGroup section */
		E6996C4E295E0A5E00E35FC1 = {
			isa = PBXGroup;
			children = (
				E6996C59295E0A5E00E35FC1 /* Caffeine Tracker */,
				E6996C58295E0A5E00E35FC1 /* Products */,
			);
			sourceTree = "<group>";
		};
		E6996C58295E0A5E00E35FC1 /* Products */ = {
			isa = PBXGroup;
			children = (
				E6996C57295E0A5E00E35FC1 /* Caffeine Tracker.app */,
			);
			name = Products;
			sourceTree = "<group>";
		};
		E6996C59295E0A5E00E35FC1 /* Caffeine Tracker */ = {
			isa = PBXGroup;
			children = (
				E6996C5A295E0A5E00E35FC1 /* AppDelegate.swift */,
				E6996C5C295E0A5E00E35FC1 /* SceneDelegate.swift */,
				E6996C73295E0A7F00E35FC1 /* Model */,
				E6996C71295E0A6E00E35FC1 /* Controllers */,
				E6996C72295E0A7800E35FC1 /* Views */,
				E6996C66295E0A6100E35FC1 /* Assets.xcassets */,
				E6996C68295E0A6100E35FC1 /* LaunchScreen.storyboard */,
				E6996C6B295E0A6100E35FC1 /* Info.plist */,
				E6996C74295E0B3E00E35FC1 /* K.swift */,
			);
			path = "Caffeine Tracker";
			sourceTree = "<group>";
		};
		E6996C71295E0A6E00E35FC1 /* Controllers */ = {
			isa = PBXGroup;
			children = (
				E6996C5E295E0A5E00E35FC1 /* DashboardViewController.swift */,
				E6996C76295E0BA700E35FC1 /* AddViewController.swift */,
				E6996C78295E0BE600E35FC1 /* CaffeineViewController.swift */,
				E69FA855296575C90025EEBA /* DrinkViewController.swift */,
				E69FA8572965B2D40025EEBA /* AdjustViewController.swift */,
				E604881829896A3700B25167 /* ChartViewController.swift */,
				E6907DC3299AABDD00AE005B /* SettingsViewController.swift */,
				E6B08A5029A92D1200A95032 /* EditViewController.swift */,
				E6BA78FE29ACFE6F004FB910 /* Popovers */,
			);
			path = Controllers;
			sourceTree = "<group>";
		};
		E6996C72295E0A7800E35FC1 /* Views */ = {
			isa = PBXGroup;
			children = (
				E6996C60295E0A5E00E35FC1 /* Main.storyboard */,
				E6B7DA85295F5185008F8CD1 /* CaffeineCell.swift */,
				E6B7DA86295F5185008F8CD1 /* CaffeineCell.xib */,
				E69E027B2962E05000F4C142 /* DrinkNameCell.swift */,
				E69E027C2962E05000F4C142 /* DrinkNameCell.xib */,
				E69E027F2963058900F4C142 /* IconCell.swift */,
				E69E02802963058900F4C142 /* IconCell.xib */,
				E69E0283296309CA00F4C142 /* NumberCell.swift */,
				E69E0284296309CA00F4C142 /* NumberCell.xib */,
				E611E98E296ED16300592296 /* ConsumedDrinkCell.swift */,
				E611E98F296ED16300592296 /* ConsumedDrinkCell.xib */,
				E6907DC5299AB11D00AE005B /* SettingsCell.swift */,
				E6907DC6299AB11D00AE005B /* SettingsCell.xib */,
				E6907DC9299AE12800AE005B /* RegularSettingsCell.swift */,
				E6907DCA299AE12800AE005B /* RegularSettingsCell.xib */,
				E6BA790129AD2780004FB910 /* DateCell.swift */,
				E6BA790229AD2780004FB910 /* DateCell.xib */,
			);
			path = Views;
			sourceTree = "<group>";
		};
		E6996C73295E0A7F00E35FC1 /* Model */ = {
			isa = PBXGroup;
			children = (
				E6996C63295E0A5E00E35FC1 /* Caffeine_Tracker.xcdatamodeld */,
				E611E985296C0BFA00592296 /* MetabolismCalculator.swift */,
				E604881A298B42F800B25167 /* DataBaseManager.swift */,
				E6BB92CB29B7B7C9005D07F6 /* caffeine.json */,
				E6BB92CD29B7B871005D07F6 /* Drink.swift */,
			);
			path = Model;
			sourceTree = "<group>";
		};
		E6BA78FE29ACFE6F004FB910 /* Popovers */ = {
			isa = PBXGroup;
			children = (
				E6BA78FF29ACFE8C004FB910 /* DrinkPopoverViewController.swift */,
			);
			name = Popovers;
			sourceTree = "<group>";
		};
/* End PBXGroup section */

/* Begin PBXNativeTarget section */
		E6996C56295E0A5E00E35FC1 /* Caffeine Tracker */ = {
			isa = PBXNativeTarget;
			buildConfigurationList = E6996C6E295E0A6100E35FC1 /* Build configuration list for PBXNativeTarget "Caffeine Tracker" */;
			buildPhases = (
				E6996C53295E0A5E00E35FC1 /* Sources */,
				E6996C54295E0A5E00E35FC1 /* Frameworks */,
				E6996C55295E0A5E00E35FC1 /* Resources */,
			);
			buildRules = (
			);
			dependencies = (
			);
			name = "Caffeine Tracker";
			packageProductDependencies = (
				E679DCA92966C662005CBB6C /* TinyConstraints */,
				E679DCAC2966E794005CBB6C /* EFCountingLabel */,
				E679DCB229688B3D005CBB6C /* MKRingProgressView */,
				E611E988296C1F3E00592296 /* SwipeCellKit */,
				E6B08A4E29A9061D00A95032 /* SwiftPieChart */,
			);
			productName = "Caffeine Tracker";
			productReference = E6996C57295E0A5E00E35FC1 /* Caffeine Tracker.app */;
			productType = "com.apple.product-type.application";
		};
/* End PBXNativeTarget section */

/* Begin PBXProject section */
		E6996C4F295E0A5E00E35FC1 /* Project object */ = {
			isa = PBXProject;
			attributes = {
				BuildIndependentTargetsInParallel = 1;
				LastSwiftUpdateCheck = 1420;
				LastUpgradeCheck = 1420;
				TargetAttributes = {
					E6996C56295E0A5E00E35FC1 = {
						CreatedOnToolsVersion = 14.2;
					};
				};
			};
			buildConfigurationList = E6996C52295E0A5E00E35FC1 /* Build configuration list for PBXProject "Caffeine Tracker" */;
			compatibilityVersion = "Xcode 14.0";
			developmentRegion = en;
			hasScannedForEncodings = 0;
			knownRegions = (
				en,
				Base,
			);
			mainGroup = E6996C4E295E0A5E00E35FC1;
			packageReferences = (
				E679DCA82966C662005CBB6C /* XCRemoteSwiftPackageReference "TinyConstraints" */,
				E679DCAB2966E794005CBB6C /* XCRemoteSwiftPackageReference "EFCountingLabel" */,
				E679DCB129688B3D005CBB6C /* XCRemoteSwiftPackageReference "MKRingProgressView" */,
				E611E987296C1F3E00592296 /* XCRemoteSwiftPackageReference "SwipeCellKit" */,
				E6B08A4D29A9061D00A95032 /* XCRemoteSwiftPackageReference "SwiftPieChart" */,
			);
			productRefGroup = E6996C58295E0A5E00E35FC1 /* Products */;
			projectDirPath = "";
			projectRoot = "";
			targets = (
				E6996C56295E0A5E00E35FC1 /* Caffeine Tracker */,
			);
		};
/* End PBXProject section */

/* Begin PBXResourcesBuildPhase section */
		E6996C55295E0A5E00E35FC1 /* Resources */ = {
			isa = PBXResourcesBuildPhase;
			buildActionMask = 2147483647;
			files = (
				E69E02822963058900F4C142 /* IconCell.xib in Resources */,
				E6996C6A295E0A6100E35FC1 /* LaunchScreen.storyboard in Resources */,
				E69E027E2962E05000F4C142 /* DrinkNameCell.xib in Resources */,
				E69E0286296309CA00F4C142 /* NumberCell.xib in Resources */,
				E6907DC8299AB11D00AE005B /* SettingsCell.xib in Resources */,
				E6BA790429AD2780004FB910 /* DateCell.xib in Resources */,
				E6907DCC299AE12800AE005B /* RegularSettingsCell.xib in Resources */,
				E611E991296ED16300592296 /* ConsumedDrinkCell.xib in Resources */,
				E6B7DA88295F5185008F8CD1 /* CaffeineCell.xib in Resources */,
				E6996C67295E0A6100E35FC1 /* Assets.xcassets in Resources */,
				E6BB92CC29B7B7C9005D07F6 /* caffeine.json in Resources */,
				E6996C62295E0A5E00E35FC1 /* Main.storyboard in Resources */,
			);
			runOnlyForDeploymentPostprocessing = 0;
		};
/* End PBXResourcesBuildPhase section */

/* Begin PBXSourcesBuildPhase section */
		E6996C53295E0A5E00E35FC1 /* Sources */ = {
			isa = PBXSourcesBuildPhase;
			buildActionMask = 2147483647;
			files = (
				E69E0285296309CA00F4C142 /* NumberCell.swift in Sources */,
				E6996C77295E0BA700E35FC1 /* AddViewController.swift in Sources */,
				E611E990296ED16300592296 /* ConsumedDrinkCell.swift in Sources */,
				E6B7DA87295F5185008F8CD1 /* CaffeineCell.swift in Sources */,
				E69FA856296575C90025EEBA /* DrinkViewController.swift in Sources */,
				E604881929896A3700B25167 /* ChartViewController.swift in Sources */,
				E604881B298B42F800B25167 /* DataBaseManager.swift in Sources */,
				E6996C5F295E0A5E00E35FC1 /* DashboardViewController.swift in Sources */,
				E6BA790329AD2780004FB910 /* DateCell.swift in Sources */,
				E6BA790029ACFE8C004FB910 /* DrinkPopoverViewController.swift in Sources */,
				E69E027D2962E05000F4C142 /* DrinkNameCell.swift in Sources */,
				E6996C79295E0BE600E35FC1 /* CaffeineViewController.swift in Sources */,
				E69FA8582965B2D40025EEBA /* AdjustViewController.swift in Sources */,
				E6996C75295E0B3E00E35FC1 /* K.swift in Sources */,
				E69E02812963058900F4C142 /* IconCell.swift in Sources */,
				E6907DC7299AB11D00AE005B /* SettingsCell.swift in Sources */,
				E611E986296C0BFA00592296 /* MetabolismCalculator.swift in Sources */,
				E6907DCB299AE12800AE005B /* RegularSettingsCell.swift in Sources */,
				E6996C65295E0A5E00E35FC1 /* Caffeine_Tracker.xcdatamodeld in Sources */,
				E6996C5B295E0A5E00E35FC1 /* AppDelegate.swift in Sources */,
				E6996C5D295E0A5E00E35FC1 /* SceneDelegate.swift in Sources */,
				E6907DC4299AABDD00AE005B /* SettingsViewController.swift in Sources */,
				E6BB92CE29B7B871005D07F6 /* Drink.swift in Sources */,
				E6B08A5129A92D1200A95032 /* EditViewController.swift in Sources */,
			);
			runOnlyForDeploymentPostprocessing = 0;
		};
/* End PBXSourcesBuildPhase section */

/* Begin PBXVariantGroup section */
		E6996C60295E0A5E00E35FC1 /* Main.storyboard */ = {
			isa = PBXVariantGroup;
			children = (
				E6996C61295E0A5E00E35FC1 /* Base */,
			);
			name = Main.storyboard;
			sourceTree = "<group>";
		};
		E6996C68295E0A6100E35FC1 /* LaunchScreen.storyboard */ = {
			isa = PBXVariantGroup;
			children = (
				E6996C69295E0A6100E35FC1 /* Base */,
			);
			name = LaunchScreen.storyboard;
			sourceTree = "<group>";
		};
/* End PBXVariantGroup section */

/* Begin XCBuildConfiguration section */
		E6996C6C295E0A6100E35FC1 /* Debug */ = {
			isa = XCBuildConfiguration;
			buildSettings = {
				ALWAYS_SEARCH_USER_PATHS = NO;
				CLANG_ANALYZER_NONNULL = YES;
				CLANG_ANALYZER_NUMBER_OBJECT_CONVERSION = YES_AGGRESSIVE;
				CLANG_CXX_LANGUAGE_STANDARD = "gnu++20";
				CLANG_ENABLE_MODULES = YES;
				CLANG_ENABLE_OBJC_ARC = YES;
				CLANG_ENABLE_OBJC_WEAK = YES;
				CLANG_WARN_BLOCK_CAPTURE_AUTORELEASING = YES;
				CLANG_WARN_BOOL_CONVERSION = YES;
				CLANG_WARN_COMMA = YES;
				CLANG_WARN_CONSTANT_CONVERSION = YES;
				CLANG_WARN_DEPRECATED_OBJC_IMPLEMENTATIONS = YES;
				CLANG_WARN_DIRECT_OBJC_ISA_USAGE = YES_ERROR;
				CLANG_WARN_DOCUMENTATION_COMMENTS = YES;
				CLANG_WARN_EMPTY_BODY = YES;
				CLANG_WARN_ENUM_CONVERSION = YES;
				CLANG_WARN_INFINITE_RECURSION = YES;
				CLANG_WARN_INT_CONVERSION = YES;
				CLANG_WARN_NON_LITERAL_NULL_CONVERSION = YES;
				CLANG_WARN_OBJC_IMPLICIT_RETAIN_SELF = YES;
				CLANG_WARN_OBJC_LITERAL_CONVERSION = YES;
				CLANG_WARN_OBJC_ROOT_CLASS = YES_ERROR;
				CLANG_WARN_QUOTED_INCLUDE_IN_FRAMEWORK_HEADER = YES;
				CLANG_WARN_RANGE_LOOP_ANALYSIS = YES;
				CLANG_WARN_STRICT_PROTOTYPES = YES;
				CLANG_WARN_SUSPICIOUS_MOVE = YES;
				CLANG_WARN_UNGUARDED_AVAILABILITY = YES_AGGRESSIVE;
				CLANG_WARN_UNREACHABLE_CODE = YES;
				CLANG_WARN__DUPLICATE_METHOD_MATCH = YES;
				COPY_PHASE_STRIP = NO;
				DEBUG_INFORMATION_FORMAT = dwarf;
				ENABLE_STRICT_OBJC_MSGSEND = YES;
				ENABLE_TESTABILITY = YES;
				GCC_C_LANGUAGE_STANDARD = gnu11;
				GCC_DYNAMIC_NO_PIC = NO;
				GCC_NO_COMMON_BLOCKS = YES;
				GCC_OPTIMIZATION_LEVEL = 0;
				GCC_PREPROCESSOR_DEFINITIONS = (
					"DEBUG=1",
					"$(inherited)",
				);
				GCC_WARN_64_TO_32_BIT_CONVERSION = YES;
				GCC_WARN_ABOUT_RETURN_TYPE = YES_ERROR;
				GCC_WARN_UNDECLARED_SELECTOR = YES;
				GCC_WARN_UNINITIALIZED_AUTOS = YES_AGGRESSIVE;
				GCC_WARN_UNUSED_FUNCTION = YES;
				GCC_WARN_UNUSED_VARIABLE = YES;
				IPHONEOS_DEPLOYMENT_TARGET = 16.2;
				MTL_ENABLE_DEBUG_INFO = INCLUDE_SOURCE;
				MTL_FAST_MATH = YES;
				ONLY_ACTIVE_ARCH = YES;
				SDKROOT = iphoneos;
				SWIFT_ACTIVE_COMPILATION_CONDITIONS = DEBUG;
				SWIFT_OPTIMIZATION_LEVEL = "-Onone";
			};
			name = Debug;
		};
		E6996C6D295E0A6100E35FC1 /* Release */ = {
			isa = XCBuildConfiguration;
			buildSettings = {
				ALWAYS_SEARCH_USER_PATHS = NO;
				CLANG_ANALYZER_NONNULL = YES;
				CLANG_ANALYZER_NUMBER_OBJECT_CONVERSION = YES_AGGRESSIVE;
				CLANG_CXX_LANGUAGE_STANDARD = "gnu++20";
				CLANG_ENABLE_MODULES = YES;
				CLANG_ENABLE_OBJC_ARC = YES;
				CLANG_ENABLE_OBJC_WEAK = YES;
				CLANG_WARN_BLOCK_CAPTURE_AUTORELEASING = YES;
				CLANG_WARN_BOOL_CONVERSION = YES;
				CLANG_WARN_COMMA = YES;
				CLANG_WARN_CONSTANT_CONVERSION = YES;
				CLANG_WARN_DEPRECATED_OBJC_IMPLEMENTATIONS = YES;
				CLANG_WARN_DIRECT_OBJC_ISA_USAGE = YES_ERROR;
				CLANG_WARN_DOCUMENTATION_COMMENTS = YES;
				CLANG_WARN_EMPTY_BODY = YES;
				CLANG_WARN_ENUM_CONVERSION = YES;
				CLANG_WARN_INFINITE_RECURSION = YES;
				CLANG_WARN_INT_CONVERSION = YES;
				CLANG_WARN_NON_LITERAL_NULL_CONVERSION = YES;
				CLANG_WARN_OBJC_IMPLICIT_RETAIN_SELF = YES;
				CLANG_WARN_OBJC_LITERAL_CONVERSION = YES;
				CLANG_WARN_OBJC_ROOT_CLASS = YES_ERROR;
				CLANG_WARN_QUOTED_INCLUDE_IN_FRAMEWORK_HEADER = YES;
				CLANG_WARN_RANGE_LOOP_ANALYSIS = YES;
				CLANG_WARN_STRICT_PROTOTYPES = YES;
				CLANG_WARN_SUSPICIOUS_MOVE = YES;
				CLANG_WARN_UNGUARDED_AVAILABILITY = YES_AGGRESSIVE;
				CLANG_WARN_UNREACHABLE_CODE = YES;
				CLANG_WARN__DUPLICATE_METHOD_MATCH = YES;
				COPY_PHASE_STRIP = NO;
				DEBUG_INFORMATION_FORMAT = "dwarf-with-dsym";
				ENABLE_NS_ASSERTIONS = NO;
				ENABLE_STRICT_OBJC_MSGSEND = YES;
				GCC_C_LANGUAGE_STANDARD = gnu11;
				GCC_NO_COMMON_BLOCKS = YES;
				GCC_WARN_64_TO_32_BIT_CONVERSION = YES;
				GCC_WARN_ABOUT_RETURN_TYPE = YES_ERROR;
				GCC_WARN_UNDECLARED_SELECTOR = YES;
				GCC_WARN_UNINITIALIZED_AUTOS = YES_AGGRESSIVE;
				GCC_WARN_UNUSED_FUNCTION = YES;
				GCC_WARN_UNUSED_VARIABLE = YES;
				IPHONEOS_DEPLOYMENT_TARGET = 16.2;
				MTL_ENABLE_DEBUG_INFO = NO;
				MTL_FAST_MATH = YES;
				SDKROOT = iphoneos;
				SWIFT_COMPILATION_MODE = wholemodule;
				SWIFT_OPTIMIZATION_LEVEL = "-O";
				VALIDATE_PRODUCT = YES;
			};
			name = Release;
		};
		E6996C6F295E0A6100E35FC1 /* Debug */ = {
			isa = XCBuildConfiguration;
			buildSettings = {
				ASSETCATALOG_COMPILER_APPICON_NAME = AppIcon;
				ASSETCATALOG_COMPILER_GLOBAL_ACCENT_COLOR_NAME = AccentColor;
				CODE_SIGN_STYLE = Automatic;
				CURRENT_PROJECT_VERSION = 1;
				DEVELOPMENT_TEAM = 59DXMVY9R4;
				GENERATE_INFOPLIST_FILE = YES;
				INFOPLIST_FILE = "Caffeine Tracker/Info.plist";
				INFOPLIST_KEY_CFBundleDisplayName = "Caffeine Up";
				INFOPLIST_KEY_LSApplicationCategoryType = "public.app-category.healthcare-fitness";
				INFOPLIST_KEY_UIApplicationSupportsIndirectInputEvents = YES;
				INFOPLIST_KEY_UILaunchStoryboardName = LaunchScreen;
				INFOPLIST_KEY_UIMainStoryboardFile = Main;
				INFOPLIST_KEY_UIStatusBarStyle = "";
				INFOPLIST_KEY_UISupportedInterfaceOrientations = UIInterfaceOrientationPortrait;
				IPHONEOS_DEPLOYMENT_TARGET = 16.0;
				LD_RUNPATH_SEARCH_PATHS = (
					"$(inherited)",
					"@executable_path/Frameworks",
				);
				MARKETING_VERSION = 1.2.0;
				PRODUCT_BUNDLE_IDENTIFIER = "co.petariliev.Coffee-Tracker";
				PRODUCT_NAME = "$(TARGET_NAME)";
				SUPPORTED_PLATFORMS = "iphoneos iphonesimulator";
				SUPPORTS_MACCATALYST = NO;
				SUPPORTS_MAC_DESIGNED_FOR_IPHONE_IPAD = NO;
				SWIFT_EMIT_LOC_STRINGS = YES;
				SWIFT_VERSION = 5.0;
				TARGETED_DEVICE_FAMILY = "1,2";
			};
			name = Debug;
		};
		E6996C70295E0A6100E35FC1 /* Release */ = {
			isa = XCBuildConfiguration;
			buildSettings = {
				ASSETCATALOG_COMPILER_APPICON_NAME = AppIcon;
				ASSETCATALOG_COMPILER_GLOBAL_ACCENT_COLOR_NAME = AccentColor;
				CODE_SIGN_STYLE = Automatic;
				CURRENT_PROJECT_VERSION = 1;
				DEVELOPMENT_TEAM = 59DXMVY9R4;
				GENERATE_INFOPLIST_FILE = YES;
				INFOPLIST_FILE = "Caffeine Tracker/Info.plist";
				INFOPLIST_KEY_CFBundleDisplayName = "Caffeine Up";
				INFOPLIST_KEY_LSApplicationCategoryType = "public.app-category.healthcare-fitness";
				INFOPLIST_KEY_UIApplicationSupportsIndirectInputEvents = YES;
				INFOPLIST_KEY_UILaunchStoryboardName = LaunchScreen;
				INFOPLIST_KEY_UIMainStoryboardFile = Main;
				INFOPLIST_KEY_UIStatusBarStyle = "";
				INFOPLIST_KEY_UISupportedInterfaceOrientations = UIInterfaceOrientationPortrait;
				IPHONEOS_DEPLOYMENT_TARGET = 16.0;
				LD_RUNPATH_SEARCH_PATHS = (
					"$(inherited)",
					"@executable_path/Frameworks",
				);
				MARKETING_VERSION = 1.2.0;
				PRODUCT_BUNDLE_IDENTIFIER = "co.petariliev.Coffee-Tracker";
				PRODUCT_NAME = "$(TARGET_NAME)";
				SUPPORTED_PLATFORMS = "iphoneos iphonesimulator";
				SUPPORTS_MACCATALYST = NO;
				SUPPORTS_MAC_DESIGNED_FOR_IPHONE_IPAD = NO;
				SWIFT_EMIT_LOC_STRINGS = YES;
				SWIFT_VERSION = 5.0;
				TARGETED_DEVICE_FAMILY = "1,2";
			};
			name = Release;
		};
/* End XCBuildConfiguration section */

/* Begin XCConfigurationList section */
		E6996C52295E0A5E00E35FC1 /* Build configuration list for PBXProject "Caffeine Tracker" */ = {
			isa = XCConfigurationList;
			buildConfigurations = (
				E6996C6C295E0A6100E35FC1 /* Debug */,
				E6996C6D295E0A6100E35FC1 /* Release */,
			);
			defaultConfigurationIsVisible = 0;
			defaultConfigurationName = Release;
		};
		E6996C6E295E0A6100E35FC1 /* Build configuration list for PBXNativeTarget "Caffeine Tracker" */ = {
			isa = XCConfigurationList;
			buildConfigurations = (
				E6996C6F295E0A6100E35FC1 /* Debug */,
				E6996C70295E0A6100E35FC1 /* Release */,
			);
			defaultConfigurationIsVisible = 0;
			defaultConfigurationName = Release;
		};
/* End XCConfigurationList section */

/* Begin XCRemoteSwiftPackageReference section */
		E611E987296C1F3E00592296 /* XCRemoteSwiftPackageReference "SwipeCellKit" */ = {
			isa = XCRemoteSwiftPackageReference;
			repositoryURL = "https://github.com/SwipeCellKit/SwipeCellKit";
			requirement = {
				branch = master;
				kind = branch;
			};
		};
		E679DCA82966C662005CBB6C /* XCRemoteSwiftPackageReference "TinyConstraints" */ = {
			isa = XCRemoteSwiftPackageReference;
			repositoryURL = "https://github.com/roberthein/TinyConstraints.git";
			requirement = {
				branch = master;
				kind = branch;
			};
		};
		E679DCAB2966E794005CBB6C /* XCRemoteSwiftPackageReference "EFCountingLabel" */ = {
			isa = XCRemoteSwiftPackageReference;
			repositoryURL = "https://github.com/EFPrefix/EFCountingLabel.git";
			requirement = {
				branch = master;
				kind = branch;
			};
		};
		E679DCB129688B3D005CBB6C /* XCRemoteSwiftPackageReference "MKRingProgressView" */ = {
			isa = XCRemoteSwiftPackageReference;
			repositoryURL = "https://github.com/maxkonovalov/MKRingProgressView.git";
			requirement = {
				kind = upToNextMajorVersion;
				minimumVersion = 2.3.0;
			};
		};
		E6B08A4D29A9061D00A95032 /* XCRemoteSwiftPackageReference "SwiftPieChart" */ = {
			isa = XCRemoteSwiftPackageReference;
			repositoryURL = "https://github.com/ilamanov/SwiftPieChart";
			requirement = {
				kind = upToNextMajorVersion;
				minimumVersion = 1.0.0;
			};
		};
/* End XCRemoteSwiftPackageReference section */

/* Begin XCSwiftPackageProductDependency section */
		E611E988296C1F3E00592296 /* SwipeCellKit */ = {
			isa = XCSwiftPackageProductDependency;
			package = E611E987296C1F3E00592296 /* XCRemoteSwiftPackageReference "SwipeCellKit" */;
			productName = SwipeCellKit;
		};
		E679DCA92966C662005CBB6C /* TinyConstraints */ = {
			isa = XCSwiftPackageProductDependency;
			package = E679DCA82966C662005CBB6C /* XCRemoteSwiftPackageReference "TinyConstraints" */;
			productName = TinyConstraints;
		};
		E679DCAC2966E794005CBB6C /* EFCountingLabel */ = {
			isa = XCSwiftPackageProductDependency;
			package = E679DCAB2966E794005CBB6C /* XCRemoteSwiftPackageReference "EFCountingLabel" */;
			productName = EFCountingLabel;
		};
		E679DCB229688B3D005CBB6C /* MKRingProgressView */ = {
			isa = XCSwiftPackageProductDependency;
			package = E679DCB129688B3D005CBB6C /* XCRemoteSwiftPackageReference "MKRingProgressView" */;
			productName = MKRingProgressView;
		};
		E6B08A4E29A9061D00A95032 /* SwiftPieChart */ = {
			isa = XCSwiftPackageProductDependency;
			package = E6B08A4D29A9061D00A95032 /* XCRemoteSwiftPackageReference "SwiftPieChart" */;
			productName = SwiftPieChart;
		};
/* End XCSwiftPackageProductDependency section */

/* Begin XCVersionGroup section */
		E6996C63295E0A5E00E35FC1 /* Caffeine_Tracker.xcdatamodeld */ = {
			isa = XCVersionGroup;
			children = (
				E6996C64295E0A5E00E35FC1 /* Caffeine_Tracker.xcdatamodel */,
			);
			currentVersion = E6996C64295E0A5E00E35FC1 /* Caffeine_Tracker.xcdatamodel */;
			path = Caffeine_Tracker.xcdatamodeld;
			sourceTree = "<group>";
			versionGroupType = wrapper.xcdatamodel;
		};
/* End XCVersionGroup section */
	};
	rootObject = E6996C4F295E0A5E00E35FC1 /* Project object */;
}
